
Microsoft Visual Studio Solution File, Format Version 12.00
# Visual Studio Version 17
VisualStudioVersion = 17.5.002.0
MinimumVisualStudioVersion = 10.0.40219.1
Project("{9A19103F-16F7-4668-BE54-9A1E7A4F7556}") = "000023. Convert number to reversed array of digits", "000023. Convert number to reversed array of digits.csproj", "{696C95E4-4099-47EE-BC4B-53BA9466141B}"
EndProject
Global
	GlobalSection(SolutionConfigurationPlatforms) = preSolution
		Debug|Any CPU = Debug|Any CPU
		Release|Any CPU = Release|Any CPU
	EndGlobalSection
	GlobalSection(ProjectConfigurationPlatforms) = postSolution
		{696C95E4-4099-47EE-BC4B-53BA9466141B}.Debug|Any CPU.ActiveCfg = Debug|Any CPU
		{696C95E4-4099-47EE-BC4B-53BA9466141B}.Debug|Any CPU.Build.0 = Debug|Any CPU
		{696C95E4-4099-47EE-BC4B-53BA9466141B}.Release|Any CPU.ActiveCfg = Release|Any CPU
		{696C95E4-4099-47EE-BC4B-53BA9466141B}.Release|Any CPU.Build.0 = Release|Any CPU
	EndGlobalSection
	GlobalSection(SolutionProperties) = preSolution
		HideSolutionNode = FALSE
	EndGlobalSection
	GlobalSection(ExtensibilityGlobals) = postSolution
		SolutionGuid = {A9CEB5CA-457B-4226-9358-0B733E93EC01}
	EndGlobalSection
EndGlobal
