
Microsoft Visual Studio Solution File, Format Version 12.00
# Visual Studio Version 17
VisualStudioVersion = 17.5.002.0
MinimumVisualStudioVersion = 10.0.40219.1
Project("{9A19103F-16F7-4668-BE54-9A1E7A4F7556}") = "000001. Regular Ball Super Ball", "000001. Regular Ball Super Ball.csproj", "{272E1304-4D78-4E74-A663-463743E54F15}"
EndProject
Global
	GlobalSection(SolutionConfigurationPlatforms) = preSolution
		Debug|Any CPU = Debug|Any CPU
		Release|Any CPU = Release|Any CPU
	EndGlobalSection
	GlobalSection(ProjectConfigurationPlatforms) = postSolution
		{272E1304-4D78-4E74-A663-463743E54F15}.Debug|Any CPU.ActiveCfg = Debug|Any CPU
		{272E1304-4D78-4E74-A663-463743E54F15}.Debug|Any CPU.Build.0 = Debug|Any CPU
		{272E1304-4D78-4E74-A663-463743E54F15}.Release|Any CPU.ActiveCfg = Release|Any CPU
		{272E1304-4D78-4E74-A663-463743E54F15}.Release|Any CPU.Build.0 = Release|Any CPU
	EndGlobalSection
	GlobalSection(SolutionProperties) = preSolution
		HideSolutionNode = FALSE
	EndGlobalSection
	GlobalSection(ExtensibilityGlobals) = postSolution
		SolutionGuid = {8A7FC7C8-D4DB-4ED8-B30C-1787B936BFB5}
	EndGlobalSection
EndGlobal
