
Microsoft Visual Studio Solution File, Format Version 12.00
# Visual Studio Version 17
VisualStudioVersion = 17.5.002.0
MinimumVisualStudioVersion = 10.0.40219.1
Project("{9A19103F-16F7-4668-BE54-9A1E7A4F7556}") = "000008. Do you speak English", "000008. Do you speak English.csproj", "{DBCDD983-8D87-465F-B1E8-118A4D0473E0}"
EndProject
Global
	GlobalSection(SolutionConfigurationPlatforms) = preSolution
		Debug|Any CPU = Debug|Any CPU
		Release|Any CPU = Release|Any CPU
	EndGlobalSection
	GlobalSection(ProjectConfigurationPlatforms) = postSolution
		{DBCDD983-8D87-465F-B1E8-118A4D0473E0}.Debug|Any CPU.ActiveCfg = Debug|Any CPU
		{DBCDD983-8D87-465F-B1E8-118A4D0473E0}.Debug|Any CPU.Build.0 = Debug|Any CPU
		{DBCDD983-8D87-465F-B1E8-118A4D0473E0}.Release|Any CPU.ActiveCfg = Release|Any CPU
		{DBCDD983-8D87-465F-B1E8-118A4D0473E0}.Release|Any CPU.Build.0 = Release|Any CPU
	EndGlobalSection
	GlobalSection(SolutionProperties) = preSolution
		HideSolutionNode = FALSE
	EndGlobalSection
	GlobalSection(ExtensibilityGlobals) = postSolution
		SolutionGuid = {36310EF9-13ED-4244-9A22-E579A36A7203}
	EndGlobalSection
EndGlobal
