
Microsoft Visual Studio Solution File, Format Version 12.00
# Visual Studio Version 17
VisualStudioVersion = 17.0.31903.59
MinimumVisualStudioVersion = 10.0.40219.1
Project("{FAE04EC0-301F-11D3-BF4B-00C04F79EFBC}") = "000001. Regular Ball Super Ball", "000001. Regular Ball Super Ball\000001. Regular Ball Super Ball.csproj", "{AE1A8FFF-8BA0-4EE0-AA6B-B8DE9E8C4816}"
EndProject
Global
	GlobalSection(SolutionConfigurationPlatforms) = preSolution
		Debug|Any CPU = Debug|Any CPU
		Release|Any CPU = Release|Any CPU
	EndGlobalSection
	GlobalSection(SolutionProperties) = preSolution
		HideSolutionNode = FALSE
	EndGlobalSection
	GlobalSection(ProjectConfigurationPlatforms) = postSolution
		{AE1A8FFF-8BA0-4EE0-AA6B-B8DE9E8C4816}.Debug|Any CPU.ActiveCfg = Debug|Any CPU
		{AE1A8FFF-8BA0-4EE0-AA6B-B8DE9E8C4816}.Debug|Any CPU.Build.0 = Debug|Any CPU
		{AE1A8FFF-8BA0-4EE0-AA6B-B8DE9E8C4816}.Release|Any CPU.ActiveCfg = Release|Any CPU
		{AE1A8FFF-8BA0-4EE0-AA6B-B8DE9E8C4816}.Release|Any CPU.Build.0 = Release|Any CPU
	EndGlobalSection
EndGlobal
