
Microsoft Visual Studio Solution File, Format Version 12.00
# Visual Studio Version 17
VisualStudioVersion = 17.0.31903.59
MinimumVisualStudioVersion = 10.0.40219.1
Project("{FAE04EC0-301F-11D3-BF4B-00C04F79EFBC}") = "000001. Regular Ball Super Ball", "000001. Regular Ball Super Ball\000001. Regular Ball Super Ball.csproj", "{AE1A8FFF-8BA0-4EE0-AA6B-B8DE9E8C4816}"
EndProject
Project("{FAE04EC0-301F-11D3-BF4B-00C04F79EFBC}") = "000002. Simple validation of a username with regex", "000002. Simple validation of a username with regex\000002. Simple validation of a username with regex.csproj", "{3E7A09DF-24CB-4690-ABC3-EA129613274E}"
EndProject
Project("{FAE04EC0-301F-11D3-BF4B-00C04F79EFBC}") = "000003. Remove First and Last Character Part Two", "000003. Remove First and Last Character Part Two\000003. Remove First and Last Character Part Two.csproj", "{800074E8-9E2D-4196-90D9-7B6BA5B0BED1}"
EndProject
Project("{FAE04EC0-301F-11D3-BF4B-00C04F79EFBC}") = "000004. Contamination No 1 -String-", "000004. Contamination No 1 -String-\000004. Contamination No 1 -String-.csproj", "{0456D76F-38F2-473E-9418-804B799D4AB4}"
EndProject
Project("{FAE04EC0-301F-11D3-BF4B-00C04F79EFBC}") = "000005. Check same case", "000005. Check same case\000005. Check same case.csproj", "{50D5E22C-6D59-45DD-B215-9DB59AD6A81B}"
EndProject
Project("{FAE04EC0-301F-11D3-BF4B-00C04F79EFBC}") = "000006. Printing Array elements with Comma delimiters", "000006. Printing Array elements with Comma delimiters\000006. Printing Array elements with Comma delimiters.csproj", "{4A840580-D11E-41D7-BF11-39B42F8D348E}"
EndProject
Project("{FAE04EC0-301F-11D3-BF4B-00C04F79EFBC}") = "000007. Replace all vowel to exclamation mark in the sentence", "000007. Replace all vowel to exclamation mark in the sentence\000007. Replace all vowel to exclamation mark in the sentence.csproj", "{CD53AE7E-6FD9-4D66-95B9-05A6A0B69C99}"
EndProject
Project("{FAE04EC0-301F-11D3-BF4B-00C04F79EFBC}") = "000008. Do you speak English", "000008. Do you speak English\000008. Do you speak English.csproj", "{04E4F704-2301-488B-9F9A-44EC69F65016}"
EndProject
Project("{FAE04EC0-301F-11D3-BF4B-00C04F79EFBC}") = "000009. Return the day", "000009. Return the day\000009. Return the day.csproj", "{698D40E1-2365-4230-A528-74C001E2878F}"
EndProject
Project("{FAE04EC0-301F-11D3-BF4B-00C04F79EFBC}") = "000010. The 'if' function", "000010. The 'if' function\000010. The 'if' function.csproj", "{EFFCB2C9-CE75-4B32-BF7F-EB4EFE714025}"
EndProject
Project("{FAE04EC0-301F-11D3-BF4B-00C04F79EFBC}") = "000011. Name on billboard", "000011. Name on billboard\000011. Name on billboard.csproj", "{E2708B88-A3FC-4145-B909-BF9BF7A752B8}"
EndProject
Project("{FAE04EC0-301F-11D3-BF4B-00C04F79EFBC}") = "000012. Define a card suit", "000012. Define a card suit\000012. Define a card suit.csproj", "{CB36E09B-DE71-4342-B3AC-4CE103E9A121}"
EndProject
Project("{FAE04EC0-301F-11D3-BF4B-00C04F79EFBC}") = "000013. Student's Final Grade", "000013. Student's Final Grade\000013. Student's Final Grade.csproj", "{301D5BBB-A3EE-47FE-969A-FA7DA8A97807}"
EndProject
Project("{FAE04EC0-301F-11D3-BF4B-00C04F79EFBC}") = "000014. Greet Me", "000014. Greet Me\000014. Greet Me.csproj", "{7AA2F278-0ECC-4AD1-9B44-F4B117886707}"
EndProject
Global
	GlobalSection(SolutionConfigurationPlatforms) = preSolution
		Debug|Any CPU = Debug|Any CPU
		Release|Any CPU = Release|Any CPU
	EndGlobalSection
	GlobalSection(SolutionProperties) = preSolution
		HideSolutionNode = FALSE
	EndGlobalSection
	GlobalSection(ProjectConfigurationPlatforms) = postSolution
		{AE1A8FFF-8BA0-4EE0-AA6B-B8DE9E8C4816}.Debug|Any CPU.ActiveCfg = Debug|Any CPU
		{AE1A8FFF-8BA0-4EE0-AA6B-B8DE9E8C4816}.Debug|Any CPU.Build.0 = Debug|Any CPU
		{AE1A8FFF-8BA0-4EE0-AA6B-B8DE9E8C4816}.Release|Any CPU.ActiveCfg = Release|Any CPU
		{AE1A8FFF-8BA0-4EE0-AA6B-B8DE9E8C4816}.Release|Any CPU.Build.0 = Release|Any CPU
		{3E7A09DF-24CB-4690-ABC3-EA129613274E}.Debug|Any CPU.ActiveCfg = Debug|Any CPU
		{3E7A09DF-24CB-4690-ABC3-EA129613274E}.Debug|Any CPU.Build.0 = Debug|Any CPU
		{3E7A09DF-24CB-4690-ABC3-EA129613274E}.Release|Any CPU.ActiveCfg = Release|Any CPU
		{3E7A09DF-24CB-4690-ABC3-EA129613274E}.Release|Any CPU.Build.0 = Release|Any CPU
		{800074E8-9E2D-4196-90D9-7B6BA5B0BED1}.Debug|Any CPU.ActiveCfg = Debug|Any CPU
		{800074E8-9E2D-4196-90D9-7B6BA5B0BED1}.Debug|Any CPU.Build.0 = Debug|Any CPU
		{800074E8-9E2D-4196-90D9-7B6BA5B0BED1}.Release|Any CPU.ActiveCfg = Release|Any CPU
		{800074E8-9E2D-4196-90D9-7B6BA5B0BED1}.Release|Any CPU.Build.0 = Release|Any CPU
		{0456D76F-38F2-473E-9418-804B799D4AB4}.Debug|Any CPU.ActiveCfg = Debug|Any CPU
		{0456D76F-38F2-473E-9418-804B799D4AB4}.Debug|Any CPU.Build.0 = Debug|Any CPU
		{0456D76F-38F2-473E-9418-804B799D4AB4}.Release|Any CPU.ActiveCfg = Release|Any CPU
		{0456D76F-38F2-473E-9418-804B799D4AB4}.Release|Any CPU.Build.0 = Release|Any CPU
		{CC10A7B8-ABFB-4A4C-8666-23233B99AC4F}.Debug|Any CPU.ActiveCfg = Debug|Any CPU
		{CC10A7B8-ABFB-4A4C-8666-23233B99AC4F}.Debug|Any CPU.Build.0 = Debug|Any CPU
		{CC10A7B8-ABFB-4A4C-8666-23233B99AC4F}.Release|Any CPU.ActiveCfg = Release|Any CPU
		{CC10A7B8-ABFB-4A4C-8666-23233B99AC4F}.Release|Any CPU.Build.0 = Release|Any CPU
		{4A840580-D11E-41D7-BF11-39B42F8D348E}.Debug|Any CPU.ActiveCfg = Debug|Any CPU
		{4A840580-D11E-41D7-BF11-39B42F8D348E}.Debug|Any CPU.Build.0 = Debug|Any CPU
		{4A840580-D11E-41D7-BF11-39B42F8D348E}.Release|Any CPU.ActiveCfg = Release|Any CPU
		{4A840580-D11E-41D7-BF11-39B42F8D348E}.Release|Any CPU.Build.0 = Release|Any CPU
		{CD53AE7E-6FD9-4D66-95B9-05A6A0B69C99}.Debug|Any CPU.ActiveCfg = Debug|Any CPU
		{CD53AE7E-6FD9-4D66-95B9-05A6A0B69C99}.Debug|Any CPU.Build.0 = Debug|Any CPU
		{CD53AE7E-6FD9-4D66-95B9-05A6A0B69C99}.Release|Any CPU.ActiveCfg = Release|Any CPU
		{CD53AE7E-6FD9-4D66-95B9-05A6A0B69C99}.Release|Any CPU.Build.0 = Release|Any CPU
		{04E4F704-2301-488B-9F9A-44EC69F65016}.Debug|Any CPU.ActiveCfg = Debug|Any CPU
		{04E4F704-2301-488B-9F9A-44EC69F65016}.Debug|Any CPU.Build.0 = Debug|Any CPU
		{04E4F704-2301-488B-9F9A-44EC69F65016}.Release|Any CPU.ActiveCfg = Release|Any CPU
		{04E4F704-2301-488B-9F9A-44EC69F65016}.Release|Any CPU.Build.0 = Release|Any CPU
		{698D40E1-2365-4230-A528-74C001E2878F}.Debug|Any CPU.ActiveCfg = Debug|Any CPU
		{698D40E1-2365-4230-A528-74C001E2878F}.Debug|Any CPU.Build.0 = Debug|Any CPU
		{698D40E1-2365-4230-A528-74C001E2878F}.Release|Any CPU.ActiveCfg = Release|Any CPU
		{698D40E1-2365-4230-A528-74C001E2878F}.Release|Any CPU.Build.0 = Release|Any CPU
		{EFFCB2C9-CE75-4B32-BF7F-EB4EFE714025}.Debug|Any CPU.ActiveCfg = Debug|Any CPU
		{EFFCB2C9-CE75-4B32-BF7F-EB4EFE714025}.Debug|Any CPU.Build.0 = Debug|Any CPU
		{EFFCB2C9-CE75-4B32-BF7F-EB4EFE714025}.Release|Any CPU.ActiveCfg = Release|Any CPU
		{EFFCB2C9-CE75-4B32-BF7F-EB4EFE714025}.Release|Any CPU.Build.0 = Release|Any CPU
		{E2708B88-A3FC-4145-B909-BF9BF7A752B8}.Debug|Any CPU.ActiveCfg = Debug|Any CPU
		{E2708B88-A3FC-4145-B909-BF9BF7A752B8}.Debug|Any CPU.Build.0 = Debug|Any CPU
		{E2708B88-A3FC-4145-B909-BF9BF7A752B8}.Release|Any CPU.ActiveCfg = Release|Any CPU
		{E2708B88-A3FC-4145-B909-BF9BF7A752B8}.Release|Any CPU.Build.0 = Release|Any CPU
		{CB36E09B-DE71-4342-B3AC-4CE103E9A121}.Debug|Any CPU.ActiveCfg = Debug|Any CPU
		{CB36E09B-DE71-4342-B3AC-4CE103E9A121}.Debug|Any CPU.Build.0 = Debug|Any CPU
		{CB36E09B-DE71-4342-B3AC-4CE103E9A121}.Release|Any CPU.ActiveCfg = Release|Any CPU
		{CB36E09B-DE71-4342-B3AC-4CE103E9A121}.Release|Any CPU.Build.0 = Release|Any CPU
		{301D5BBB-A3EE-47FE-969A-FA7DA8A97807}.Debug|Any CPU.ActiveCfg = Debug|Any CPU
		{301D5BBB-A3EE-47FE-969A-FA7DA8A97807}.Debug|Any CPU.Build.0 = Debug|Any CPU
		{301D5BBB-A3EE-47FE-969A-FA7DA8A97807}.Release|Any CPU.ActiveCfg = Release|Any CPU
		{301D5BBB-A3EE-47FE-969A-FA7DA8A97807}.Release|Any CPU.Build.0 = Release|Any CPU
		{7AA2F278-0ECC-4AD1-9B44-F4B117886707}.Debug|Any CPU.ActiveCfg = Debug|Any CPU
		{7AA2F278-0ECC-4AD1-9B44-F4B117886707}.Debug|Any CPU.Build.0 = Debug|Any CPU
		{7AA2F278-0ECC-4AD1-9B44-F4B117886707}.Release|Any CPU.ActiveCfg = Release|Any CPU
		{7AA2F278-0ECC-4AD1-9B44-F4B117886707}.Release|Any CPU.Build.0 = Release|Any CPU
	EndGlobalSection
EndGlobal
