
Microsoft Visual Studio Solution File, Format Version 12.00
# Visual Studio Version 17
VisualStudioVersion = 17.5.002.0
MinimumVisualStudioVersion = 10.0.40219.1
Project("{9A19103F-16F7-4668-BE54-9A1E7A4F7556}") = "000011. Name on billboard", "000011. Name on billboard.csproj", "{AE20E11E-9E4A-49F8-BA68-CF3827C1056F}"
EndProject
Global
	GlobalSection(SolutionConfigurationPlatforms) = preSolution
		Debug|Any CPU = Debug|Any CPU
		Release|Any CPU = Release|Any CPU
	EndGlobalSection
	GlobalSection(ProjectConfigurationPlatforms) = postSolution
		{AE20E11E-9E4A-49F8-BA68-CF3827C1056F}.Debug|Any CPU.ActiveCfg = Debug|Any CPU
		{AE20E11E-9E4A-49F8-BA68-CF3827C1056F}.Debug|Any CPU.Build.0 = Debug|Any CPU
		{AE20E11E-9E4A-49F8-BA68-CF3827C1056F}.Release|Any CPU.ActiveCfg = Release|Any CPU
		{AE20E11E-9E4A-49F8-BA68-CF3827C1056F}.Release|Any CPU.Build.0 = Release|Any CPU
	EndGlobalSection
	GlobalSection(SolutionProperties) = preSolution
		HideSolutionNode = FALSE
	EndGlobalSection
	GlobalSection(ExtensibilityGlobals) = postSolution
		SolutionGuid = {78D80EA3-6381-4B1E-9E35-ED638423A691}
	EndGlobalSection
EndGlobal
